<Solution>
  <Configurations>
    <Platform Name="Any CPU" />
    <Platform Name="x64" />
    <Platform Name="x86" />
  </Configurations>
  <Project Path="GameFrameX.Foundation.Encryption/GameFrameX.Foundation.Encryption.csproj" />
  <Project Path="GameFrameX.Foundation.Extensions/GameFrameX.Foundation.Extensions.csproj" />
  <Project Path="GameFrameX.Foundation.Hash/GameFrameX.Foundation.Hash.csproj" />
  <Project Path="GameFrameX.Foundation.Http.Extension/GameFrameX.Foundation.Http.Extension.csproj" />
  <Project Path="GameFrameX.Foundation.Http.Normalization/GameFrameX.Foundation.Http.Normalization.csproj" />
  <Project Path="GameFrameX.Foundation.Json/GameFrameX.Foundation.Json.csproj" />
  <Project Path="GameFrameX.Foundation.Localization/GameFrameX.Foundation.Localization.csproj" />
  <Project Path="GameFrameX.Foundation.Logger/GameFrameX.Foundation.Logger.csproj" />
  <Project Path="GameFrameX.Foundation.Options/GameFrameX.Foundation.Options.csproj" />
  <Project Path="GameFrameX.Foundation.Orm.Attribute/GameFrameX.Foundation.Orm.Attribute.csproj" />
  <Project Path="GameFrameX.Foundation.Orm.Entity/GameFrameX.Foundation.Orm.Entity.csproj" />
  <Project Path="GameFrameX.Foundation.Tests/GameFrameX.Foundation.Tests.csproj" />
  <Project Path="GameFrameX.Foundation.Utility/GameFrameX.Foundation.Utility.csproj" />
</Solution>
