
Microsoft Visual Studio Solution File, Format Version 12.00
Project("{FAE04EC0-301F-11D3-BF4B-00C04F79EFBC}") = "GameFrameX.Foundation.Http.Normalization", "GameFrameX.Foundation.Http.Normalization\GameFrameX.Foundation.Http.Normalization.csproj", "{1EE5D9F2-03DE-4238-A943-3A47C5CC2B23}"
EndProject
Project("{FAE04EC0-301F-11D3-BF4B-00C04F79EFBC}") = "GameFrameX.Foundation.Encryption", "GameFrameX.Foundation.Encryption\GameFrameX.Foundation.Encryption.csproj", "{4CBCB4AA-4A8F-4ADF-8A26-5FEF67F4214A}"
EndProject
Project("{FAE04EC0-301F-11D3-BF4B-00C04F79EFBC}") = "GameFrameX.Foundation.Hash", "GameFrameX.Foundation.Hash\GameFrameX.Foundation.Hash.csproj", "{1A6BD5CE-0323-4A7F-9E09-377275531533}"
EndProject
Project("{FAE04EC0-301F-11D3-BF4B-00C04F79EFBC}") = "GameFrameX.Foundation.Http.Extension", "GameFrameX.Foundation.Http.Extension\GameFrameX.Foundation.Http.Extension.csproj", "{39E0F9F1-7586-45E5-A3BB-7CCC820A3B77}"
EndProject
Project("{FAE04EC0-301F-11D3-BF4B-00C04F79EFBC}") = "GameFrameX.Foundation.Json", "GameFrameX.Foundation.Json\GameFrameX.Foundation.Json.csproj", "{863F744B-EF72-40A2-89E9-4EC6845C3975}"
EndProject
Project("{FAE04EC0-301F-11D3-BF4B-00C04F79EFBC}") = "GameFrameX.Foundation.Logger", "GameFrameX.Foundation.Logger\GameFrameX.Foundation.Logger.csproj", "{B807BE41-5C1A-4F01-9C46-6FFBBF3C0567}"
EndProject
Project("{FAE04EC0-301F-11D3-BF4B-00C04F79EFBC}") = "GameFrameX.Foundation.Tests", "GameFrameX.Foundation.Tests\GameFrameX.Foundation.Tests.csproj", "{9FD3DB43-B0EA-4288-9158-2F99B781C1D1}"
EndProject
Project("{FAE04EC0-301F-11D3-BF4B-00C04F79EFBC}") = "GameFrameX.Foundation.Extensions", "GameFrameX.Foundation.Extensions\GameFrameX.Foundation.Extensions.csproj", "{F5F4954F-1893-43CD-948E-F84E5EFA3E4B}"
EndProject
Project("{FAE04EC0-301F-11D3-BF4B-00C04F79EFBC}") = "GameFrameX.Foundation.Options", "GameFrameX.Foundation.Options\GameFrameX.Foundation.Options.csproj", "{F53AEC90-B181-4513-925B-820A3E4CE1F4}"
EndProject
Global
	GlobalSection(SolutionConfigurationPlatforms) = preSolution
		Debug|Any CPU = Debug|Any CPU
		Debug|x64 = Debug|x64
		Debug|x86 = Debug|x86
		Release|Any CPU = Release|Any CPU
		Release|x64 = Release|x64
		Release|x86 = Release|x86
	EndGlobalSection
	GlobalSection(ProjectConfigurationPlatforms) = postSolution
		{1EE5D9F2-03DE-4238-A943-3A47C5CC2B23}.Debug|Any CPU.ActiveCfg = Debug|Any CPU
		{1EE5D9F2-03DE-4238-A943-3A47C5CC2B23}.Debug|Any CPU.Build.0 = Debug|Any CPU
		{1EE5D9F2-03DE-4238-A943-3A47C5CC2B23}.Debug|x64.ActiveCfg = Debug|Any CPU
		{1EE5D9F2-03DE-4238-A943-3A47C5CC2B23}.Debug|x64.Build.0 = Debug|Any CPU
		{1EE5D9F2-03DE-4238-A943-3A47C5CC2B23}.Debug|x86.ActiveCfg = Debug|Any CPU
		{1EE5D9F2-03DE-4238-A943-3A47C5CC2B23}.Debug|x86.Build.0 = Debug|Any CPU
		{1EE5D9F2-03DE-4238-A943-3A47C5CC2B23}.Release|Any CPU.ActiveCfg = Release|Any CPU
		{1EE5D9F2-03DE-4238-A943-3A47C5CC2B23}.Release|Any CPU.Build.0 = Release|Any CPU
		{1EE5D9F2-03DE-4238-A943-3A47C5CC2B23}.Release|x64.ActiveCfg = Release|Any CPU
		{1EE5D9F2-03DE-4238-A943-3A47C5CC2B23}.Release|x64.Build.0 = Release|Any CPU
		{1EE5D9F2-03DE-4238-A943-3A47C5CC2B23}.Release|x86.ActiveCfg = Release|Any CPU
		{1EE5D9F2-03DE-4238-A943-3A47C5CC2B23}.Release|x86.Build.0 = Release|Any CPU
		{4CBCB4AA-4A8F-4ADF-8A26-5FEF67F4214A}.Debug|Any CPU.ActiveCfg = Debug|Any CPU
		{4CBCB4AA-4A8F-4ADF-8A26-5FEF67F4214A}.Debug|Any CPU.Build.0 = Debug|Any CPU
		{4CBCB4AA-4A8F-4ADF-8A26-5FEF67F4214A}.Debug|x64.ActiveCfg = Debug|Any CPU
		{4CBCB4AA-4A8F-4ADF-8A26-5FEF67F4214A}.Debug|x64.Build.0 = Debug|Any CPU
		{4CBCB4AA-4A8F-4ADF-8A26-5FEF67F4214A}.Debug|x86.ActiveCfg = Debug|Any CPU
		{4CBCB4AA-4A8F-4ADF-8A26-5FEF67F4214A}.Debug|x86.Build.0 = Debug|Any CPU
		{4CBCB4AA-4A8F-4ADF-8A26-5FEF67F4214A}.Release|Any CPU.ActiveCfg = Release|Any CPU
		{4CBCB4AA-4A8F-4ADF-8A26-5FEF67F4214A}.Release|Any CPU.Build.0 = Release|Any CPU
		{4CBCB4AA-4A8F-4ADF-8A26-5FEF67F4214A}.Release|x64.ActiveCfg = Release|Any CPU
		{4CBCB4AA-4A8F-4ADF-8A26-5FEF67F4214A}.Release|x64.Build.0 = Release|Any CPU
		{4CBCB4AA-4A8F-4ADF-8A26-5FEF67F4214A}.Release|x86.ActiveCfg = Release|Any CPU
		{4CBCB4AA-4A8F-4ADF-8A26-5FEF67F4214A}.Release|x86.Build.0 = Release|Any CPU
		{1A6BD5CE-0323-4A7F-9E09-377275531533}.Debug|Any CPU.ActiveCfg = Debug|Any CPU
		{1A6BD5CE-0323-4A7F-9E09-377275531533}.Debug|Any CPU.Build.0 = Debug|Any CPU
		{1A6BD5CE-0323-4A7F-9E09-377275531533}.Debug|x64.ActiveCfg = Debug|Any CPU
		{1A6BD5CE-0323-4A7F-9E09-377275531533}.Debug|x64.Build.0 = Debug|Any CPU
		{1A6BD5CE-0323-4A7F-9E09-377275531533}.Debug|x86.ActiveCfg = Debug|Any CPU
		{1A6BD5CE-0323-4A7F-9E09-377275531533}.Debug|x86.Build.0 = Debug|Any CPU
		{1A6BD5CE-0323-4A7F-9E09-377275531533}.Release|Any CPU.ActiveCfg = Release|Any CPU
		{1A6BD5CE-0323-4A7F-9E09-377275531533}.Release|Any CPU.Build.0 = Release|Any CPU
		{1A6BD5CE-0323-4A7F-9E09-377275531533}.Release|x64.ActiveCfg = Release|Any CPU
		{1A6BD5CE-0323-4A7F-9E09-377275531533}.Release|x64.Build.0 = Release|Any CPU
		{1A6BD5CE-0323-4A7F-9E09-377275531533}.Release|x86.ActiveCfg = Release|Any CPU
		{1A6BD5CE-0323-4A7F-9E09-377275531533}.Release|x86.Build.0 = Release|Any CPU
		{39E0F9F1-7586-45E5-A3BB-7CCC820A3B77}.Debug|Any CPU.ActiveCfg = Debug|Any CPU
		{39E0F9F1-7586-45E5-A3BB-7CCC820A3B77}.Debug|Any CPU.Build.0 = Debug|Any CPU
		{39E0F9F1-7586-45E5-A3BB-7CCC820A3B77}.Debug|x64.ActiveCfg = Debug|Any CPU
		{39E0F9F1-7586-45E5-A3BB-7CCC820A3B77}.Debug|x64.Build.0 = Debug|Any CPU
		{39E0F9F1-7586-45E5-A3BB-7CCC820A3B77}.Debug|x86.ActiveCfg = Debug|Any CPU
		{39E0F9F1-7586-45E5-A3BB-7CCC820A3B77}.Debug|x86.Build.0 = Debug|Any CPU
		{39E0F9F1-7586-45E5-A3BB-7CCC820A3B77}.Release|Any CPU.ActiveCfg = Release|Any CPU
		{39E0F9F1-7586-45E5-A3BB-7CCC820A3B77}.Release|Any CPU.Build.0 = Release|Any CPU
		{39E0F9F1-7586-45E5-A3BB-7CCC820A3B77}.Release|x64.ActiveCfg = Release|Any CPU
		{39E0F9F1-7586-45E5-A3BB-7CCC820A3B77}.Release|x64.Build.0 = Release|Any CPU
		{39E0F9F1-7586-45E5-A3BB-7CCC820A3B77}.Release|x86.ActiveCfg = Release|Any CPU
		{39E0F9F1-7586-45E5-A3BB-7CCC820A3B77}.Release|x86.Build.0 = Release|Any CPU
		{863F744B-EF72-40A2-89E9-4EC6845C3975}.Debug|Any CPU.ActiveCfg = Debug|Any CPU
		{863F744B-EF72-40A2-89E9-4EC6845C3975}.Debug|Any CPU.Build.0 = Debug|Any CPU
		{863F744B-EF72-40A2-89E9-4EC6845C3975}.Debug|x64.ActiveCfg = Debug|Any CPU
		{863F744B-EF72-40A2-89E9-4EC6845C3975}.Debug|x64.Build.0 = Debug|Any CPU
		{863F744B-EF72-40A2-89E9-4EC6845C3975}.Debug|x86.ActiveCfg = Debug|Any CPU
		{863F744B-EF72-40A2-89E9-4EC6845C3975}.Debug|x86.Build.0 = Debug|Any CPU
		{863F744B-EF72-40A2-89E9-4EC6845C3975}.Release|Any CPU.ActiveCfg = Release|Any CPU
		{863F744B-EF72-40A2-89E9-4EC6845C3975}.Release|Any CPU.Build.0 = Release|Any CPU
		{863F744B-EF72-40A2-89E9-4EC6845C3975}.Release|x64.ActiveCfg = Release|Any CPU
		{863F744B-EF72-40A2-89E9-4EC6845C3975}.Release|x64.Build.0 = Release|Any CPU
		{863F744B-EF72-40A2-89E9-4EC6845C3975}.Release|x86.ActiveCfg = Release|Any CPU
		{863F744B-EF72-40A2-89E9-4EC6845C3975}.Release|x86.Build.0 = Release|Any CPU
		{B807BE41-5C1A-4F01-9C46-6FFBBF3C0567}.Debug|Any CPU.ActiveCfg = Debug|Any CPU
		{B807BE41-5C1A-4F01-9C46-6FFBBF3C0567}.Debug|Any CPU.Build.0 = Debug|Any CPU
		{B807BE41-5C1A-4F01-9C46-6FFBBF3C0567}.Debug|x64.ActiveCfg = Debug|Any CPU
		{B807BE41-5C1A-4F01-9C46-6FFBBF3C0567}.Debug|x64.Build.0 = Debug|Any CPU
		{B807BE41-5C1A-4F01-9C46-6FFBBF3C0567}.Debug|x86.ActiveCfg = Debug|Any CPU
		{B807BE41-5C1A-4F01-9C46-6FFBBF3C0567}.Debug|x86.Build.0 = Debug|Any CPU
		{B807BE41-5C1A-4F01-9C46-6FFBBF3C0567}.Release|Any CPU.ActiveCfg = Release|Any CPU
		{B807BE41-5C1A-4F01-9C46-6FFBBF3C0567}.Release|Any CPU.Build.0 = Release|Any CPU
		{B807BE41-5C1A-4F01-9C46-6FFBBF3C0567}.Release|x64.ActiveCfg = Release|Any CPU
		{B807BE41-5C1A-4F01-9C46-6FFBBF3C0567}.Release|x64.Build.0 = Release|Any CPU
		{B807BE41-5C1A-4F01-9C46-6FFBBF3C0567}.Release|x86.ActiveCfg = Release|Any CPU
		{B807BE41-5C1A-4F01-9C46-6FFBBF3C0567}.Release|x86.Build.0 = Release|Any CPU
		{9FD3DB43-B0EA-4288-9158-2F99B781C1D1}.Debug|Any CPU.ActiveCfg = Debug|Any CPU
		{9FD3DB43-B0EA-4288-9158-2F99B781C1D1}.Debug|Any CPU.Build.0 = Debug|Any CPU
		{9FD3DB43-B0EA-4288-9158-2F99B781C1D1}.Debug|x64.ActiveCfg = Debug|Any CPU
		{9FD3DB43-B0EA-4288-9158-2F99B781C1D1}.Debug|x64.Build.0 = Debug|Any CPU
		{9FD3DB43-B0EA-4288-9158-2F99B781C1D1}.Debug|x86.ActiveCfg = Debug|Any CPU
		{9FD3DB43-B0EA-4288-9158-2F99B781C1D1}.Debug|x86.Build.0 = Debug|Any CPU
		{9FD3DB43-B0EA-4288-9158-2F99B781C1D1}.Release|Any CPU.ActiveCfg = Release|Any CPU
		{9FD3DB43-B0EA-4288-9158-2F99B781C1D1}.Release|Any CPU.Build.0 = Release|Any CPU
		{9FD3DB43-B0EA-4288-9158-2F99B781C1D1}.Release|x64.ActiveCfg = Release|Any CPU
		{9FD3DB43-B0EA-4288-9158-2F99B781C1D1}.Release|x64.Build.0 = Release|Any CPU
		{9FD3DB43-B0EA-4288-9158-2F99B781C1D1}.Release|x86.ActiveCfg = Release|Any CPU
		{9FD3DB43-B0EA-4288-9158-2F99B781C1D1}.Release|x86.Build.0 = Release|Any CPU
		{F5F4954F-1893-43CD-948E-F84E5EFA3E4B}.Debug|Any CPU.ActiveCfg = Debug|Any CPU
		{F5F4954F-1893-43CD-948E-F84E5EFA3E4B}.Debug|Any CPU.Build.0 = Debug|Any CPU
		{F5F4954F-1893-43CD-948E-F84E5EFA3E4B}.Debug|x64.ActiveCfg = Debug|Any CPU
		{F5F4954F-1893-43CD-948E-F84E5EFA3E4B}.Debug|x64.Build.0 = Debug|Any CPU
		{F5F4954F-1893-43CD-948E-F84E5EFA3E4B}.Debug|x86.ActiveCfg = Debug|Any CPU
		{F5F4954F-1893-43CD-948E-F84E5EFA3E4B}.Debug|x86.Build.0 = Debug|Any CPU
		{F5F4954F-1893-43CD-948E-F84E5EFA3E4B}.Release|Any CPU.ActiveCfg = Release|Any CPU
		{F5F4954F-1893-43CD-948E-F84E5EFA3E4B}.Release|Any CPU.Build.0 = Release|Any CPU
		{F5F4954F-1893-43CD-948E-F84E5EFA3E4B}.Release|x64.ActiveCfg = Release|Any CPU
		{F5F4954F-1893-43CD-948E-F84E5EFA3E4B}.Release|x64.Build.0 = Release|Any CPU
		{F5F4954F-1893-43CD-948E-F84E5EFA3E4B}.Release|x86.ActiveCfg = Release|Any CPU
		{F5F4954F-1893-43CD-948E-F84E5EFA3E4B}.Release|x86.Build.0 = Release|Any CPU
		{F53AEC90-B181-4513-925B-820A3E4CE1F4}.Debug|Any CPU.ActiveCfg = Debug|Any CPU
		{F53AEC90-B181-4513-925B-820A3E4CE1F4}.Debug|Any CPU.Build.0 = Debug|Any CPU
		{F53AEC90-B181-4513-925B-820A3E4CE1F4}.Debug|x64.ActiveCfg = Debug|Any CPU
		{F53AEC90-B181-4513-925B-820A3E4CE1F4}.Debug|x64.Build.0 = Debug|Any CPU
		{F53AEC90-B181-4513-925B-820A3E4CE1F4}.Debug|x86.ActiveCfg = Debug|Any CPU
		{F53AEC90-B181-4513-925B-820A3E4CE1F4}.Debug|x86.Build.0 = Debug|Any CPU
		{F53AEC90-B181-4513-925B-820A3E4CE1F4}.Release|Any CPU.ActiveCfg = Release|Any CPU
		{F53AEC90-B181-4513-925B-820A3E4CE1F4}.Release|Any CPU.Build.0 = Release|Any CPU
		{F53AEC90-B181-4513-925B-820A3E4CE1F4}.Release|x64.ActiveCfg = Release|Any CPU
		{F53AEC90-B181-4513-925B-820A3E4CE1F4}.Release|x64.Build.0 = Release|Any CPU
		{F53AEC90-B181-4513-925B-820A3E4CE1F4}.Release|x86.ActiveCfg = Release|Any CPU
		{F53AEC90-B181-4513-925B-820A3E4CE1F4}.Release|x86.Build.0 = Release|Any CPU
	EndGlobalSection
	GlobalSection(SolutionProperties) = preSolution
		HideSolutionNode = FALSE
	EndGlobalSection
EndGlobal
